github.com/klauspost/compress v1.17.8 h1:YcnTYrq7MikUT7k0Yb5eceMmALQPYBW/Xltxn0NAMnU=
github.com/klauspost/compress v1.17.8/go.mod h1:Di0epgTjJY877eYKx5yC51cX2A2Vl2ibi7bDH9ttBbw=
github.com/public-transport/gtfsparser v0.0.0-20240507175116-c02a6aaa6203 h1:K4aHc5BSPD8gq7B1vwntswvFrkbxVaiGvSEME9kMzQk=
github.com/public-transport/gtfsparser v0.0.0-20240507175116-c02a6aaa6203/go.mod h1:JFwF62GJwJlq+7cvj/Nj7VmpaztLzjb7CESZNWk5UEo=
github.com/valyala/fastjson v1.6.4 h1:uAUNq9Z6ymTgGhcm0UynUAB6tlbakBrz6CQFax3BXVQ=
github.com/valyala/fastjson v1.6.4/go.mod h1:CLCAqky6SMuOcxStkYQvblddUtoRxhYMGLrsQns1aXY=
